// !$*UTF8*$!
{
	archiveVersion = 1;
	classes = {
	};
	objectVersion = 50;
	objects = {

/* Begin PBXBuildFile section */
		DCFA7CC525EFBB69002A07ED /* AppDelegate.swift in Sources */ = {isa = PBXBuildFile; fileRef = DCFA7CC425EFBB69002A07ED /* AppDelegate.swift */; };
		DCFA7CC725EFBB69002A07ED /* SceneDelegate.swift in Sources */ = {isa = PBXBuildFile; fileRef = DCFA7CC625EFBB69002A07ED /* SceneDelegate.swift */; };
		DCFA7CC925EFBB69002A07ED /* ViewController.swift in Sources */ = {isa = PBXBuildFile; fileRef = DCFA7CC825EFBB69002A07ED /* ViewController.swift */; };
		DCFA7CCC25EFBB69002A07ED /* Main.storyboard in Resources */ = {isa = PBXBuildFile; fileRef = DCFA7CCA25EFBB69002A07ED /* Main.storyboard */; };
		DCFA7CCE25EFBB69002A07ED /* Assets.xcassets in Resources */ = {isa = PBXBuildFile; fileRef = DCFA7CCD25EFBB69002A07ED /* Assets.xcassets */; };
		DCFA7CD125EFBB69002A07ED /* LaunchScreen.storyboard in Resources */ = {isa = PBXBuildFile; fileRef = DCFA7CCF25EFBB69002A07ED /* LaunchScreen.storyboard */; };
/* End PBXBuildFile section */

/* Begin PBXFileReference section */
		DCFA7CC125EFBB69002A07ED /* swiftpm-multi-project.app */ = {isa = PBXFileReference; explicitFileType = wrapper.application; includeInIndex = 0; path = "swiftpm-multi-project.app"; sourceTree = BUILT_PRODUCTS_DIR; };
		DCFA7CC425EFBB69002A07ED /* AppDelegate.swift */ = {isa = PBXFileReference; lastKnownFileType = sourcecode.swift; path = AppDelegate.swift; sourceTree = "<group>"; };
		DCFA7CC625EFBB69002A07ED /* SceneDelegate.swift */ = {isa = PBXFileReference; lastKnownFileType = sourcecode.swift; path = SceneDelegate.swift; sourceTree = "<group>"; };
		DCFA7CC825EFBB69002A07ED /* ViewController.swift */ = {isa = PBXFileReference; lastKnownFileType = sourcecode.swift; path = ViewController.swift; sourceTree = "<group>"; };
		DCFA7CCB25EFBB69002A07ED /* Base */ = {isa = PBXFileReference; lastKnownFileType = file.storyboard; name = Base; path = Base.lproj/Main.storyboard; sourceTree = "<group>"; };
		DCFA7CCD25EFBB69002A07ED /* Assets.xcassets */ = {isa = PBXFileReference; lastKnownFileType = folder.assetcatalog; path = Assets.xcassets; sourceTree = "<group>"; };
		DCFA7CD025EFBB69002A07ED /* Base */ = {isa = PBXFileReference; lastKnownFileType = file.storyboard; name = Base; path = Base.lproj/LaunchScreen.storyboard; sourceTree = "<group>"; };
		DCFA7CD225EFBB69002A07ED /* Info.plist */ = {isa = PBXFileReference; lastKnownFileType = text.plist.xml; path = Info.plist; sourceTree = "<group>"; };
/* End PBXFileReference section */

/* Begin PBXFrameworksBuildPhase section */
		DCFA7CBE25EFBB69002A07ED /* Frameworks */ = {
			isa = PBXFrameworksBuildPhase;
			buildActionMask = 2147483647;
			files = (
			);
			runOnlyForDeploymentPostprocessing = 0;
		};
/* End PBXFrameworksBuildPhase section */

/* Begin PBXGroup section */
		DCFA7CB825EFBB69002A07ED = {
			isa = PBXGroup;
			children = (
				DCFA7CC325EFBB69002A07ED /* swiftpm-multi-project */,
				DCFA7CC225EFBB69002A07ED /* Products */,
			);
			sourceTree = "<group>";
		};
		DCFA7CC225EFBB69002A07ED /* Products */ = {
			isa = PBXGroup;
			children = (
				DCFA7CC125EFBB69002A07ED /* swiftpm-multi-project.app */,
			);
			name = Products;
			sourceTree = "<group>";
		};
		DCFA7CC325EFBB69002A07ED /* swiftpm-multi-project */ = {
			isa = PBXGroup;
			children = (
				DCFA7CC425EFBB69002A07ED /* AppDelegate.swift */,
				DCFA7CC625EFBB69002A07ED /* SceneDelegate.swift */,
				DCFA7CC825EFBB69002A07ED /* ViewController.swift */,
				DCFA7CCA25EFBB69002A07ED /* Main.storyboard */,
				DCFA7CCD25EFBB69002A07ED /* Assets.xcassets */,
				DCFA7CCF25EFBB69002A07ED /* LaunchScreen.storyboard */,
				DCFA7CD225EFBB69002A07ED /* Info.plist */,
			);
			path = "swiftpm-multi-project";
			sourceTree = "<group>";
		};
/* End PBXGroup section */

/* Begin PBXNativeTarget section */
		DCFA7CC025EFBB69002A07ED /* swiftpm-multi-project */ = {
			isa = PBXNativeTarget;
			buildConfigurationList = DCFA7CD525EFBB69002A07ED /* Build configuration list for PBXNativeTarget "swiftpm-multi-project" */;
			buildPhases = (
				DCFA7CBD25EFBB69002A07ED /* Sources */,
				DCFA7CBE25EFBB69002A07ED /* Frameworks */,
				DCFA7CBF25EFBB69002A07ED /* Resources */,
			);
			buildRules = (
			);
			dependencies = (
			);
			name = "swiftpm-multi-project";
			productName = "swiftpm-multi-project";
			productReference = DCFA7CC125EFBB69002A07ED /* swiftpm-multi-project.app */;
			productType = "com.apple.product-type.application";
		};
/* End PBXNativeTarget section */

/* Begin PBXProject section */
		DCFA7CB925EFBB69002A07ED /* Project object */ = {
			isa = PBXProject;
			attributes = {
				LastSwiftUpdateCheck = 1230;
				LastUpgradeCheck = 1230;
				TargetAttributes = {
					DCFA7CC025EFBB69002A07ED = {
						CreatedOnToolsVersion = 12.3;
					};
				};
			};
			buildConfigurationList = DCFA7CBC25EFBB69002A07ED /* Build configuration list for PBXProject "swiftpm-multi-project" */;
			compatibilityVersion = "Xcode 9.3";
			developmentRegion = en;
			hasScannedForEncodings = 0;
			knownRegions = (
				en,
				Base,
			);
			mainGroup = DCFA7CB825EFBB69002A07ED;
			productRefGroup = DCFA7CC225EFBB69002A07ED /* Products */;
			projectDirPath = "";
			projectRoot = "";
			targets = (
				DCFA7CC025EFBB69002A07ED /* swiftpm-multi-project */,
			);
		};
/* End PBXProject section */

/* Begin PBXResourcesBuildPhase section */
		DCFA7CBF25EFBB69002A07ED /* Resources */ = {
			isa = PBXResourcesBuildPhase;
			buildActionMask = 2147483647;
			files = (
				DCFA7CD125EFBB69002A07ED /* LaunchScreen.storyboard in Resources */,
				DCFA7CCE25EFBB69002A07ED /* Assets.xcassets in Resources */,
				DCFA7CCC25EFBB69002A07ED /* Main.storyboard in Resources */,
			);
			runOnlyForDeploymentPostprocessing = 0;
		};
/* End PBXResourcesBuildPhase section */

/* Begin PBXSourcesBuildPhase section */
		DCFA7CBD25EFBB69002A07ED /* Sources */ = {
			isa = PBXSourcesBuildPhase;
			buildActionMask = 2147483647;
			files = (
				DCFA7CC925EFBB69002A07ED /* ViewController.swift in Sources */,
				DCFA7CC525EFBB69002A07ED /* AppDelegate.swift in Sources */,
				DCFA7CC725EFBB69002A07ED /* SceneDelegate.swift in Sources */,
			);
			runOnlyForDeploymentPostprocessing = 0;
		};
/* End PBXSourcesBuildPhase section */

/* Begin PBXVariantGroup section */
		DCFA7CCA25EFBB69002A07ED /* Main.storyboard */ = {
			isa = PBXVariantGroup;
			children = (
				DCFA7CCB25EFBB69002A07ED /* Base */,
			);
			name = Main.storyboard;
			sourceTree = "<group>";
		};
		DCFA7CCF25EFBB69002A07ED /* LaunchScreen.storyboard */ = {
			isa = PBXVariantGroup;
			children = (
				DCFA7CD025EFBB69002A07ED /* Base */,
			);
			name = LaunchScreen.storyboard;
			sourceTree = "<group>";
		};
/* End PBXVariantGroup section */

/* Begin XCBuildConfiguration section */
		DCFA7CD325EFBB69002A07ED /* Debug */ = {
			isa = XCBuildConfiguration;
			buildSettings = {
				ALWAYS_SEARCH_USER_PATHS = NO;
				CLANG_ANALYZER_NONNULL = YES;
				CLANG_ANALYZER_NUMBER_OBJECT_CONVERSION = YES_AGGRESSIVE;
				CLANG_CXX_LANGUAGE_STANDARD = "gnu++14";
				CLANG_CXX_LIBRARY = "libc++";
				CLANG_ENABLE_MODULES = YES;
				CLANG_ENABLE_OBJC_ARC = YES;
				CLANG_ENABLE_OBJC_WEAK = YES;
				CLANG_WARN_BLOCK_CAPTURE_AUTORELEASING = YES;
				CLANG_WARN_BOOL_CONVERSION = YES;
				CLANG_WARN_COMMA = YES;
				CLANG_WARN_CONSTANT_CONVERSION = YES;
				CLANG_WARN_DEPRECATED_OBJC_IMPLEMENTATIONS = YES;
				CLANG_WARN_DIRECT_OBJC_ISA_USAGE = YES_ERROR;
				CLANG_WARN_DOCUMENTATION_COMMENTS = YES;
				CLANG_WARN_EMPTY_BODY = YES;
				CLANG_WARN_ENUM_CONVERSION = YES;
				CLANG_WARN_INFINITE_RECURSION = YES;
				CLANG_WARN_INT_CONVERSION = YES;
				CLANG_WARN_NON_LITERAL_NULL_CONVERSION = YES;
				CLANG_WARN_OBJC_IMPLICIT_RETAIN_SELF = YES;
				CLANG_WARN_OBJC_LITERAL_CONVERSION = YES;
				CLANG_WARN_OBJC_ROOT_CLASS = YES_ERROR;
				CLANG_WARN_QUOTED_INCLUDE_IN_FRAMEWORK_HEADER = YES;
				CLANG_WARN_RANGE_LOOP_ANALYSIS = YES;
				CLANG_WARN_STRICT_PROTOTYPES = YES;
				CLANG_WARN_SUSPICIOUS_MOVE = YES;
				CLANG_WARN_UNGUARDED_AVAILABILITY = YES_AGGRESSIVE;
				CLANG_WARN_UNREACHABLE_CODE = YES;
				CLANG_WARN__DUPLICATE_METHOD_MATCH = YES;
				COPY_PHASE_STRIP = NO;
				DEBUG_INFORMATION_FORMAT = dwarf;
				ENABLE_STRICT_OBJC_MSGSEND = YES;
				ENABLE_TESTABILITY = YES;
				GCC_C_LANGUAGE_STANDARD = gnu11;
				GCC_DYNAMIC_NO_PIC = NO;
				GCC_NO_COMMON_BLOCKS = YES;
				GCC_OPTIMIZATION_LEVEL = 0;
				GCC_PREPROCESSOR_DEFINITIONS = (
					"DEBUG=1",
					"$(inherited)",
				);
				GCC_WARN_64_TO_32_BIT_CONVERSION = YES;
				GCC_WARN_ABOUT_RETURN_TYPE = YES_ERROR;
				GCC_WARN_UNDECLARED_SELECTOR = YES;
				GCC_WARN_UNINITIALIZED_AUTOS = YES_AGGRESSIVE;
				GCC_WARN_UNUSED_FUNCTION = YES;
				GCC_WARN_UNUSED_VARIABLE = YES;
				IPHONEOS_DEPLOYMENT_TARGET = 14.3;
				MTL_ENABLE_DEBUG_INFO = INCLUDE_SOURCE;
				MTL_FAST_MATH = YES;
				ONLY_ACTIVE_ARCH = YES;
				SDKROOT = iphoneos;
				SWIFT_ACTIVE_COMPILATION_CONDITIONS = DEBUG;
				SWIFT_OPTIMIZATION_LEVEL = "-Onone";
			};
			name = Debug;
		};
		DCFA7CD425EFBB69002A07ED /* Release */ = {
			isa = XCBuildConfiguration;
			buildSettings = {
				ALWAYS_SEARCH_USER_PATHS = NO;
				CLANG_ANALYZER_NONNULL = YES;
				CLANG_ANALYZER_NUMBER_OBJECT_CONVERSION = YES_AGGRESSIVE;
				CLANG_CXX_LANGUAGE_STANDARD = "gnu++14";
				CLANG_CXX_LIBRARY = "libc++";
				CLANG_ENABLE_MODULES = YES;
				CLANG_ENABLE_OBJC_ARC = YES;
				CLANG_ENABLE_OBJC_WEAK = YES;
				CLANG_WARN_BLOCK_CAPTURE_AUTORELEASING = YES;
				CLANG_WARN_BOOL_CONVERSION = YES;
				CLANG_WARN_COMMA = YES;
				CLANG_WARN_CONSTANT_CONVERSION = YES;
				CLANG_WARN_DEPRECATED_OBJC_IMPLEMENTATIONS = YES;
				CLANG_WARN_DIRECT_OBJC_ISA_USAGE = YES_ERROR;
				CLANG_WARN_DOCUMENTATION_COMMENTS = YES;
				CLANG_WARN_EMPTY_BODY = YES;
				CLANG_WARN_ENUM_CONVERSION = YES;
				CLANG_WARN_INFINITE_RECURSION = YES;
				CLANG_WARN_INT_CONVERSION = YES;
				CLANG_WARN_NON_LITERAL_NULL_CONVERSION = YES;
				CLANG_WARN_OBJC_IMPLICIT_RETAIN_SELF = YES;
				CLANG_WARN_OBJC_LITERAL_CONVERSION = YES;
				CLANG_WARN_OBJC_ROOT_CLASS = YES_ERROR;
				CLANG_WARN_QUOTED_INCLUDE_IN_FRAMEWORK_HEADER = YES;
				CLANG_WARN_RANGE_LOOP_ANALYSIS = YES;
				CLANG_WARN_STRICT_PROTOTYPES = YES;
				CLANG_WARN_SUSPICIOUS_MOVE = YES;
				CLANG_WARN_UNGUARDED_AVAILABILITY = YES_AGGRESSIVE;
				CLANG_WARN_UNREACHABLE_CODE = YES;
				CLANG_WARN__DUPLICATE_METHOD_MATCH = YES;
				COPY_PHASE_STRIP = NO;
				DEBUG_INFORMATION_FORMAT = "dwarf-with-dsym";
				ENABLE_NS_ASSERTIONS = NO;
				ENABLE_STRICT_OBJC_MSGSEND = YES;
				GCC_C_LANGUAGE_STANDARD = gnu11;
				GCC_NO_COMMON_BLOCKS = YES;
				GCC_WARN_64_TO_32_BIT_CONVERSION = YES;
				GCC_WARN_ABOUT_RETURN_TYPE = YES_ERROR;
				GCC_WARN_UNDECLARED_SELECTOR = YES;
				GCC_WARN_UNINITIALIZED_AUTOS = YES_AGGRESSIVE;
				GCC_WARN_UNUSED_FUNCTION = YES;
				GCC_WARN_UNUSED_VARIABLE = YES;
				IPHONEOS_DEPLOYMENT_TARGET = 14.3;
				MTL_ENABLE_DEBUG_INFO = NO;
				MTL_FAST_MATH = YES;
				SDKROOT = iphoneos;
				SWIFT_COMPILATION_MODE = wholemodule;
				SWIFT_OPTIMIZATION_LEVEL = "-O";
				VALIDATE_PRODUCT = YES;
			};
			name = Release;
		};
		DCFA7CD625EFBB69002A07ED /* Debug */ = {
			isa = XCBuildConfiguration;
			buildSettings = {
				ASSETCATALOG_COMPILER_APPICON_NAME = AppIcon;
				ASSETCATALOG_COMPILER_GLOBAL_ACCENT_COLOR_NAME = AccentColor;
				CODE_SIGN_STYLE = Automatic;
				INFOPLIST_FILE = "swiftpm-multi-project/Info.plist";
				LD_RUNPATH_SEARCH_PATHS = (
					"$(inherited)",
					"@executable_path/Frameworks",
				);
				PRODUCT_BUNDLE_IDENTIFIER = "com.fromatom.swiftpm-multi-project";
				PRODUCT_NAME = "$(TARGET_NAME)";
				SWIFT_VERSION = 5.0;
				TARGETED_DEVICE_FAMILY = "1,2";
			};
			name = Debug;
		};
		DCFA7CD725EFBB69002A07ED /* Release */ = {
			isa = XCBuildConfiguration;
			buildSettings = {
				ASSETCATALOG_COMPILER_APPICON_NAME = AppIcon;
				ASSETCATALOG_COMPILER_GLOBAL_ACCENT_COLOR_NAME = AccentColor;
				CODE_SIGN_STYLE = Automatic;
				INFOPLIST_FILE = "swiftpm-multi-project/Info.plist";
				LD_RUNPATH_SEARCH_PATHS = (
					"$(inherited)",
					"@executable_path/Frameworks",
				);
				PRODUCT_BUNDLE_IDENTIFIER = "com.fromatom.swiftpm-multi-project";
				PRODUCT_NAME = "$(TARGET_NAME)";
				SWIFT_VERSION = 5.0;
				TARGETED_DEVICE_FAMILY = "1,2";
			};
			name = Release;
		};
/* End XCBuildConfiguration section */

/* Begin XCConfigurationList section */
		DCFA7CBC25EFBB69002A07ED /* Build configuration list for PBXProject "swiftpm-multi-project" */ = {
			isa = XCConfigurationList;
			buildConfigurations = (
				DCFA7CD325EFBB69002A07ED /* Debug */,
				DCFA7CD425EFBB69002A07ED /* Release */,
			);
			defaultConfigurationIsVisible = 0;
			defaultConfigurationName = Release;
		};
		DCFA7CD525EFBB69002A07ED /* Build configuration list for PBXNativeTarget "swiftpm-multi-project" */ = {
			isa = XCConfigurationList;
			buildConfigurations = (
				DCFA7CD625EFBB69002A07ED /* Debug */,
				DCFA7CD725EFBB69002A07ED /* Release */,
			);
			defaultConfigurationIsVisible = 0;
			defaultConfigurationName = Release;
		};
/* End XCConfigurationList section */
	};
	rootObject = DCFA7CB925EFBB69002A07ED /* Project object */;
}
